// !$*UTF8*$!
{
	archiveVersion = 1;
	classes = {
	};
	objectVersion = 56;
	objects = {

/* Begin PBXBuildFile section */
		4F305D4B2C2FDA46008EDBA2 /* ListViewController.swift in Sources */ = {isa = PBXBuildFile; fileRef = 4F305D4A2C2FDA46008EDBA2 /* ListViewController.swift */; };
		4F305D4F2C2FDAA2008EDBA2 /* LocationManager.swift in Sources */ = {isa = PBXBuildFile; fileRef = 4F305D4E2C2FDAA2008EDBA2 /* LocationManager.swift */; };
		4F7A71302C2FC542003EF0AA /* AppDelegate.swift in Sources */ = {isa = PBXBuildFile; fileRef = 4F7A712F2C2FC542003EF0AA /* AppDelegate.swift */; };
		4F7A71392C2FC552003EF0AA /* Assets.xcassets in Resources */ = {isa = PBXBuildFile; fileRef = 4F7A71382C2FC552003EF0AA /* Assets.xcassets */; };
		4F7A713C2C2FC552003EF0AA /* LaunchScreen.storyboard in Resources */ = {isa = PBXBuildFile; fileRef = 4F7A713A2C2FC552003EF0AA /* LaunchScreen.storyboard */; };
		4F7A71472C2FC9FA003EF0AA /* ConstraintsHelper.swift in Sources */ = {isa = PBXBuildFile; fileRef = 4F7A71462C2FC9F9003EF0AA /* ConstraintsHelper.swift */; };
		4F7A71492C2FCA21003EF0AA /* SignInSignUpViewController.swift in Sources */ = {isa = PBXBuildFile; fileRef = 4F7A71482C2FCA21003EF0AA /* SignInSignUpViewController.swift */; };
		4F7A714C2C2FCA2F003EF0AA /* SignUpScreen.swift in Sources */ = {isa = PBXBuildFile; fileRef = 4F7A714A2C2FCA2D003EF0AA /* SignUpScreen.swift */; };
		4F7A714D2C2FCA2F003EF0AA /* SignInScreen.swift in Sources */ = {isa = PBXBuildFile; fileRef = 4F7A714B2C2FCA2F003EF0AA /* SignInScreen.swift */; };
		4F7A714F2C2FCDAB003EF0AA /* Helper.swift in Sources */ = {isa = PBXBuildFile; fileRef = 4F7A714E2C2FCDAB003EF0AA /* Helper.swift */; };
		4F7A71512C2FCFD7003EF0AA /* GoogleService-Info.plist in Resources */ = {isa = PBXBuildFile; fileRef = 4F7A71502C2FCFD7003EF0AA /* GoogleService-Info.plist */; };
		4F7A71552C2FD24E003EF0AA /* MapViewController.swift in Sources */ = {isa = PBXBuildFile; fileRef = 4F7A71542C2FD24E003EF0AA /* MapViewController.swift */; };
		D31F92AAC4D79563AFD416E7 /* Pods_KT.framework in Frameworks */ = {isa = PBXBuildFile; fileRef = A7F9EA635E170DB8931D841B /* Pods_KT.framework */; };
/* End PBXBuildFile section */

/* Begin PBXFileReference section */
		0167EF9BEB6FE8175B72F0B9 /* Pods-KT.debug.xcconfig */ = {isa = PBXFileReference; includeInIndex = 1; lastKnownFileType = text.xcconfig; name = "Pods-KT.debug.xcconfig"; path = "Target Support Files/Pods-KT/Pods-KT.debug.xcconfig"; sourceTree = "<group>"; };
		4F305D4A2C2FDA46008EDBA2 /* ListViewController.swift */ = {isa = PBXFileReference; lastKnownFileType = sourcecode.swift; path = ListViewController.swift; sourceTree = "<group>"; };
		4F305D4E2C2FDAA2008EDBA2 /* LocationManager.swift */ = {isa = PBXFileReference; lastKnownFileType = sourcecode.swift; path = LocationManager.swift; sourceTree = "<group>"; };
		4F7A712C2C2FC542003EF0AA /* KT.app */ = {isa = PBXFileReference; explicitFileType = wrapper.application; includeInIndex = 0; path = KT.app; sourceTree = BUILT_PRODUCTS_DIR; };
		4F7A712F2C2FC542003EF0AA /* AppDelegate.swift */ = {isa = PBXFileReference; lastKnownFileType = sourcecode.swift; path = AppDelegate.swift; sourceTree = "<group>"; };
		4F7A71382C2FC552003EF0AA /* Assets.xcassets */ = {isa = PBXFileReference; lastKnownFileType = folder.assetcatalog; path = Assets.xcassets; sourceTree = "<group>"; };
		4F7A713B2C2FC552003EF0AA /* Base */ = {isa = PBXFileReference; lastKnownFileType = file.storyboard; name = Base; path = Base.lproj/LaunchScreen.storyboard; sourceTree = "<group>"; };
		4F7A713D2C2FC552003EF0AA /* Info.plist */ = {isa = PBXFileReference; lastKnownFileType = text.plist.xml; path = Info.plist; sourceTree = "<group>"; };
		4F7A71462C2FC9F9003EF0AA /* ConstraintsHelper.swift */ = {isa = PBXFileReference; fileEncoding = 4; lastKnownFileType = sourcecode.swift; path = ConstraintsHelper.swift; sourceTree = "<group>"; };
		4F7A71482C2FCA21003EF0AA /* SignInSignUpViewController.swift */ = {isa = PBXFileReference; fileEncoding = 4; lastKnownFileType = sourcecode.swift; path = SignInSignUpViewController.swift; sourceTree = "<group>"; };
		4F7A714A2C2FCA2D003EF0AA /* SignUpScreen.swift */ = {isa = PBXFileReference; fileEncoding = 4; lastKnownFileType = sourcecode.swift; path = SignUpScreen.swift; sourceTree = "<group>"; };
		4F7A714B2C2FCA2F003EF0AA /* SignInScreen.swift */ = {isa = PBXFileReference; fileEncoding = 4; lastKnownFileType = sourcecode.swift; path = SignInScreen.swift; sourceTree = "<group>"; };
		4F7A714E2C2FCDAB003EF0AA /* Helper.swift */ = {isa = PBXFileReference; fileEncoding = 4; lastKnownFileType = sourcecode.swift; path = Helper.swift; sourceTree = "<group>"; };
		4F7A71502C2FCFD7003EF0AA /* GoogleService-Info.plist */ = {isa = PBXFileReference; fileEncoding = 4; lastKnownFileType = text.plist.xml; path = "GoogleService-Info.plist"; sourceTree = "<group>"; };
		4F7A71542C2FD24E003EF0AA /* MapViewController.swift */ = {isa = PBXFileReference; lastKnownFileType = sourcecode.swift; path = MapViewController.swift; sourceTree = "<group>"; };
		9EEAF5513313A33924FED33B /* Pods-KT.release.xcconfig */ = {isa = PBXFileReference; includeInIndex = 1; lastKnownFileType = text.xcconfig; name = "Pods-KT.release.xcconfig"; path = "Target Support Files/Pods-KT/Pods-KT.release.xcconfig"; sourceTree = "<group>"; };
		A7F9EA635E170DB8931D841B /* Pods_KT.framework */ = {isa = PBXFileReference; explicitFileType = wrapper.framework; includeInIndex = 0; path = Pods_KT.framework; sourceTree = BUILT_PRODUCTS_DIR; };
/* End PBXFileReference section */

/* Begin PBXFrameworksBuildPhase section */
		4F7A71292C2FC542003EF0AA /* Frameworks */ = {
			isa = PBXFrameworksBuildPhase;
			buildActionMask = 2147483647;
			files = (
				D31F92AAC4D79563AFD416E7 /* Pods_KT.framework in Frameworks */,
			);
			runOnlyForDeploymentPostprocessing = 0;
		};
/* End PBXFrameworksBuildPhase section */

/* Begin PBXGroup section */
		154E527444D365524987A7EA /* Pods */ = {
			isa = PBXGroup;
			children = (
				0167EF9BEB6FE8175B72F0B9 /* Pods-KT.debug.xcconfig */,
				9EEAF5513313A33924FED33B /* Pods-KT.release.xcconfig */,
			);
			path = Pods;
			sourceTree = "<group>";
		};
		4F305D492C2FDA20008EDBA2 /* List  */ = {
			isa = PBXGroup;
			children = (
				4F305D4C2C2FDA54008EDBA2 /* Controller */,
				4F305D4D2C2FDA58008EDBA2 /* ViewController */,
			);
			name = "List ";
			sourceTree = "<group>";
		};
		4F305D4C2C2FDA54008EDBA2 /* Controller */ = {
			isa = PBXGroup;
			children = (
				4F305D4E2C2FDAA2008EDBA2 /* LocationManager.swift */,
			);
			path = Controller;
			sourceTree = "<group>";
		};
		4F305D4D2C2FDA58008EDBA2 /* ViewController */ = {
			isa = PBXGroup;
			children = (
				4F305D4A2C2FDA46008EDBA2 /* ListViewController.swift */,
			);
			name = ViewController;
			path = "New Group1";
			sourceTree = "<group>";
		};
		4F305D502C3004D9008EDBA2 /* Helper */ = {
			isa = PBXGroup;
			children = (
				4F7A71462C2FC9F9003EF0AA /* ConstraintsHelper.swift */,
				4F7A714E2C2FCDAB003EF0AA /* Helper.swift */,
			);
			path = Helper;
			sourceTree = "<group>";
		};
		4F7A71232C2FC541003EF0AA = {
			isa = PBXGroup;
			children = (
				4F7A712E2C2FC542003EF0AA /* KT */,
				4F7A712D2C2FC542003EF0AA /* Products */,
				154E527444D365524987A7EA /* Pods */,
				C69076BE9FC043AACA3E6241 /* Frameworks */,
			);
			sourceTree = "<group>";
		};
		4F7A712D2C2FC542003EF0AA /* Products */ = {
			isa = PBXGroup;
			children = (
				4F7A712C2C2FC542003EF0AA /* KT.app */,
			);
			name = Products;
			sourceTree = "<group>";
		};
		4F7A712E2C2FC542003EF0AA /* KT */ = {
			isa = PBXGroup;
			children = (
				4F7A712F2C2FC542003EF0AA /* AppDelegate.swift */,
				4F7A71382C2FC552003EF0AA /* Assets.xcassets */,
				4F7A713A2C2FC552003EF0AA /* LaunchScreen.storyboard */,
				4F7A713D2C2FC552003EF0AA /* Info.plist */,
				4F7A71502C2FCFD7003EF0AA /* GoogleService-Info.plist */,
				4F305D502C3004D9008EDBA2 /* Helper */,
				4F7A71432C2FC93F003EF0AA /* SignInSignUp */,
				4F305D492C2FDA20008EDBA2 /* List  */,
				4F7A71522C2FD212003EF0AA /* Map */,
			);
			path = KT;
			sourceTree = "<group>";
		};
		4F7A71432C2FC93F003EF0AA /* SignInSignUp */ = {
			isa = PBXGroup;
			children = (
				4F7A71452C2FC95F003EF0AA /* View */,
				4F7A71442C2FC952003EF0AA /* ViewController */,
			);
			name = SignInSignUp;
			sourceTree = "<group>";
		};
		4F7A71442C2FC952003EF0AA /* ViewController */ = {
			isa = PBXGroup;
			children = (
				4F7A71482C2FCA21003EF0AA /* SignInSignUpViewController.swift */,
			);
			name = ViewController;
			sourceTree = "<group>";
		};
		4F7A71452C2FC95F003EF0AA /* View */ = {
			isa = PBXGroup;
			children = (
				4F7A714B2C2FCA2F003EF0AA /* SignInScreen.swift */,
				4F7A714A2C2FCA2D003EF0AA /* SignUpScreen.swift */,
			);
			path = View;
			sourceTree = "<group>";
		};
		4F7A71522C2FD212003EF0AA /* Map */ = {
			isa = PBXGroup;
			children = (
				4F7A71532C2FD235003EF0AA /* ViewController */,
			);
			path = Map;
			sourceTree = "<group>";
		};
		4F7A71532C2FD235003EF0AA /* ViewController */ = {
			isa = PBXGroup;
			children = (
				4F7A71542C2FD24E003EF0AA /* MapViewController.swift */,
			);
			name = ViewController;
			sourceTree = "<group>";
		};
		C69076BE9FC043AACA3E6241 /* Frameworks */ = {
			isa = PBXGroup;
			children = (
				A7F9EA635E170DB8931D841B /* Pods_KT.framework */,
			);
			name = Frameworks;
			sourceTree = "<group>";
		};
/* End PBXGroup section */

/* Begin PBXNativeTarget section */
		4F7A712B2C2FC542003EF0AA /* KT */ = {
			isa = PBXNativeTarget;
			buildConfigurationList = 4F7A71402C2FC552003EF0AA /* Build configuration list for PBXNativeTarget "KT" */;
			buildPhases = (
				30FF2CF1A5F5580D2499255C /* [CP] Check Pods Manifest.lock */,
				4F7A71282C2FC542003EF0AA /* Sources */,
				4F7A71292C2FC542003EF0AA /* Frameworks */,
				4F7A712A2C2FC542003EF0AA /* Resources */,
				E15CFCEEC1D9E1B3560CDFE2 /* [CP] Embed Pods Frameworks */,
				0F201D1BB1E24EC4A6525435 /* [CP] Copy Pods Resources */,
			);
			buildRules = (
			);
			dependencies = (
			);
			name = KT;
			productName = KT;
			productReference = 4F7A712C2C2FC542003EF0AA /* KT.app */;
			productType = "com.apple.product-type.application";
		};
/* End PBXNativeTarget section */

/* Begin PBXProject section */
		4F7A71242C2FC541003EF0AA /* Project object */ = {
			isa = PBXProject;
			attributes = {
				BuildIndependentTargetsInParallel = 1;
				LastSwiftUpdateCheck = 1500;
				LastUpgradeCheck = 1500;
				TargetAttributes = {
					4F7A712B2C2FC542003EF0AA = {
						CreatedOnToolsVersion = 15.0;
					};
				};
			};
			buildConfigurationList = 4F7A71272C2FC541003EF0AA /* Build configuration list for PBXProject "KT" */;
			compatibilityVersion = "Xcode 14.0";
			developmentRegion = en;
			hasScannedForEncodings = 0;
			knownRegions = (
				en,
				Base,
			);
			mainGroup = 4F7A71232C2FC541003EF0AA;
			productRefGroup = 4F7A712D2C2FC542003EF0AA /* Products */;
			projectDirPath = "";
			projectRoot = "";
			targets = (
				4F7A712B2C2FC542003EF0AA /* KT */,
			);
		};
/* End PBXProject section */

/* Begin PBXResourcesBuildPhase section */
		4F7A712A2C2FC542003EF0AA /* Resources */ = {
			isa = PBXResourcesBuildPhase;
			buildActionMask = 2147483647;
			files = (
				4F7A713C2C2FC552003EF0AA /* LaunchScreen.storyboard in Resources */,
				4F7A71392C2FC552003EF0AA /* Assets.xcassets in Resources */,
				4F7A71512C2FCFD7003EF0AA /* GoogleService-Info.plist in Resources */,
			);
			runOnlyForDeploymentPostprocessing = 0;
		};
/* End PBXResourcesBuildPhase section */

/* Begin PBXShellScriptBuildPhase section */
		0F201D1BB1E24EC4A6525435 /* [CP] Copy Pods Resources */ = {
			isa = PBXShellScriptBuildPhase;
			buildActionMask = 2147483647;
			files = (
			);
			inputFileListPaths = (
				"${PODS_ROOT}/Target Support Files/Pods-KT/Pods-KT-resources-${CONFIGURATION}-input-files.xcfilelist",
			);
			name = "[CP] Copy Pods Resources";
			outputFileListPaths = (
				"${PODS_ROOT}/Target Support Files/Pods-KT/Pods-KT-resources-${CONFIGURATION}-output-files.xcfilelist",
			);
			runOnlyForDeploymentPostprocessing = 0;
			shellPath = /bin/sh;
			shellScript = "\"${PODS_ROOT}/Target Support Files/Pods-KT/Pods-KT-resources.sh\"\n";
			showEnvVarsInLog = 0;
		};
		30FF2CF1A5F5580D2499255C /* [CP] Check Pods Manifest.lock */ = {
			isa = PBXShellScriptBuildPhase;
			buildActionMask = 2147483647;
			files = (
			);
			inputFileListPaths = (
			);
			inputPaths = (
				"${PODS_PODFILE_DIR_PATH}/Podfile.lock",
				"${PODS_ROOT}/Manifest.lock",
			);
			name = "[CP] Check Pods Manifest.lock";
			outputFileListPaths = (
			);
			outputPaths = (
				"$(DERIVED_FILE_DIR)/Pods-KT-checkManifestLockResult.txt",
			);
			runOnlyForDeploymentPostprocessing = 0;
			shellPath = /bin/sh;
			shellScript = "diff \"${PODS_PODFILE_DIR_PATH}/Podfile.lock\" \"${PODS_ROOT}/Manifest.lock\" > /dev/null\nif [ $? != 0 ] ; then\n    # print error to STDERR\n    echo \"error: The sandbox is not in sync with the Podfile.lock. Run 'pod install' or update your CocoaPods installation.\" >&2\n    exit 1\nfi\n# This output is used by Xcode 'outputs' to avoid re-running this script phase.\necho \"SUCCESS\" > \"${SCRIPT_OUTPUT_FILE_0}\"\n";
			showEnvVarsInLog = 0;
		};
		E15CFCEEC1D9E1B3560CDFE2 /* [CP] Embed Pods Frameworks */ = {
			isa = PBXShellScriptBuildPhase;
			buildActionMask = 2147483647;
			files = (
			);
			inputFileListPaths = (
				"${PODS_ROOT}/Target Support Files/Pods-KT/Pods-KT-frameworks-${CONFIGURATION}-input-files.xcfilelist",
			);
			name = "[CP] Embed Pods Frameworks";
			outputFileListPaths = (
				"${PODS_ROOT}/Target Support Files/Pods-KT/Pods-KT-frameworks-${CONFIGURATION}-output-files.xcfilelist",
			);
			runOnlyForDeploymentPostprocessing = 0;
			shellPath = /bin/sh;
			shellScript = "\"${PODS_ROOT}/Target Support Files/Pods-KT/Pods-KT-frameworks.sh\"\n";
			showEnvVarsInLog = 0;
		};
/* End PBXShellScriptBuildPhase section */

/* Begin PBXSourcesBuildPhase section */
		4F7A71282C2FC542003EF0AA /* Sources */ = {
			isa = PBXSourcesBuildPhase;
			buildActionMask = 2147483647;
			files = (
				4F7A714C2C2FCA2F003EF0AA /* SignUpScreen.swift in Sources */,
				4F7A71492C2FCA21003EF0AA /* SignInSignUpViewController.swift in Sources */,
				4F7A71472C2FC9FA003EF0AA /* ConstraintsHelper.swift in Sources */,
				4F7A71302C2FC542003EF0AA /* AppDelegate.swift in Sources */,
				4F7A714D2C2FCA2F003EF0AA /* SignInScreen.swift in Sources */,
				4F7A714F2C2FCDAB003EF0AA /* Helper.swift in Sources */,
				4F305D4B2C2FDA46008EDBA2 /* ListViewController.swift in Sources */,
				4F7A71552C2FD24E003EF0AA /* MapViewController.swift in Sources */,
				4F305D4F2C2FDAA2008EDBA2 /* LocationManager.swift in Sources */,
			);
			runOnlyForDeploymentPostprocessing = 0;
		};
/* End PBXSourcesBuildPhase section */

/* Begin PBXVariantGroup section */
		4F7A713A2C2FC552003EF0AA /* LaunchScreen.storyboard */ = {
			isa = PBXVariantGroup;
			children = (
				4F7A713B2C2FC552003EF0AA /* Base */,
			);
			name = LaunchScreen.storyboard;
			sourceTree = "<group>";
		};
/* End PBXVariantGroup section */

/* Begin XCBuildConfiguration section */
		4F7A713E2C2FC552003EF0AA /* Debug */ = {
			isa = XCBuildConfiguration;
			buildSettings = {
				ALWAYS_SEARCH_USER_PATHS = NO;
				ASSETCATALOG_COMPILER_GENERATE_SWIFT_ASSET_SYMBOL_EXTENSIONS = YES;
				CLANG_ANALYZER_NONNULL = YES;
				CLANG_ANALYZER_NUMBER_OBJECT_CONVERSION = YES_AGGRESSIVE;
				CLANG_CXX_LANGUAGE_STANDARD = "gnu++20";
				CLANG_ENABLE_MODULES = YES;
				CLANG_ENABLE_OBJC_ARC = YES;
				CLANG_ENABLE_OBJC_WEAK = YES;
				CLANG_WARN_BLOCK_CAPTURE_AUTORELEASING = YES;
				CLANG_WARN_BOOL_CONVERSION = YES;
				CLANG_WARN_COMMA = YES;
				CLANG_WARN_CONSTANT_CONVERSION = YES;
				CLANG_WARN_DEPRECATED_OBJC_IMPLEMENTATIONS = YES;
				CLANG_WARN_DIRECT_OBJC_ISA_USAGE = YES_ERROR;
				CLANG_WARN_DOCUMENTATION_COMMENTS = YES;
				CLANG_WARN_EMPTY_BODY = YES;
				CLANG_WARN_ENUM_CONVERSION = YES;
				CLANG_WARN_INFINITE_RECURSION = YES;
				CLANG_WARN_INT_CONVERSION = YES;
				CLANG_WARN_NON_LITERAL_NULL_CONVERSION = YES;
				CLANG_WARN_OBJC_IMPLICIT_RETAIN_SELF = YES;
				CLANG_WARN_OBJC_LITERAL_CONVERSION = YES;
				CLANG_WARN_OBJC_ROOT_CLASS = YES_ERROR;
				CLANG_WARN_QUOTED_INCLUDE_IN_FRAMEWORK_HEADER = YES;
				CLANG_WARN_RANGE_LOOP_ANALYSIS = YES;
				CLANG_WARN_STRICT_PROTOTYPES = YES;
				CLANG_WARN_SUSPICIOUS_MOVE = YES;
				CLANG_WARN_UNGUARDED_AVAILABILITY = YES_AGGRESSIVE;
				CLANG_WARN_UNREACHABLE_CODE = YES;
				CLANG_WARN__DUPLICATE_METHOD_MATCH = YES;
				COPY_PHASE_STRIP = NO;
				DEBUG_INFORMATION_FORMAT = dwarf;
				ENABLE_STRICT_OBJC_MSGSEND = YES;
				ENABLE_TESTABILITY = YES;
				ENABLE_USER_SCRIPT_SANDBOXING = YES;
				GCC_C_LANGUAGE_STANDARD = gnu17;
				GCC_DYNAMIC_NO_PIC = NO;
				GCC_NO_COMMON_BLOCKS = YES;
				GCC_OPTIMIZATION_LEVEL = 0;
				GCC_PREPROCESSOR_DEFINITIONS = (
					"DEBUG=1",
					"$(inherited)",
				);
				GCC_WARN_64_TO_32_BIT_CONVERSION = YES;
				GCC_WARN_ABOUT_RETURN_TYPE = YES_ERROR;
				GCC_WARN_UNDECLARED_SELECTOR = YES;
				GCC_WARN_UNINITIALIZED_AUTOS = YES_AGGRESSIVE;
				GCC_WARN_UNUSED_FUNCTION = YES;
				GCC_WARN_UNUSED_VARIABLE = YES;
				IPHONEOS_DEPLOYMENT_TARGET = 17.0;
				LOCALIZATION_PREFERS_STRING_CATALOGS = YES;
				MTL_ENABLE_DEBUG_INFO = INCLUDE_SOURCE;
				MTL_FAST_MATH = YES;
				ONLY_ACTIVE_ARCH = YES;
				SDKROOT = iphoneos;
				SWIFT_ACTIVE_COMPILATION_CONDITIONS = "DEBUG $(inherited)";
				SWIFT_OPTIMIZATION_LEVEL = "-Onone";
			};
			name = Debug;
		};
		4F7A713F2C2FC552003EF0AA /* Release */ = {
			isa = XCBuildConfiguration;
			buildSettings = {
				ALWAYS_SEARCH_USER_PATHS = NO;
				ASSETCATALOG_COMPILER_GENERATE_SWIFT_ASSET_SYMBOL_EXTENSIONS = YES;
				CLANG_ANALYZER_NONNULL = YES;
				CLANG_ANALYZER_NUMBER_OBJECT_CONVERSION = YES_AGGRESSIVE;
				CLANG_CXX_LANGUAGE_STANDARD = "gnu++20";
				CLANG_ENABLE_MODULES = YES;
				CLANG_ENABLE_OBJC_ARC = YES;
				CLANG_ENABLE_OBJC_WEAK = YES;
				CLANG_WARN_BLOCK_CAPTURE_AUTORELEASING = YES;
				CLANG_WARN_BOOL_CONVERSION = YES;
				CLANG_WARN_COMMA = YES;
				CLANG_WARN_CONSTANT_CONVERSION = YES;
				CLANG_WARN_DEPRECATED_OBJC_IMPLEMENTATIONS = YES;
				CLANG_WARN_DIRECT_OBJC_ISA_USAGE = YES_ERROR;
				CLANG_WARN_DOCUMENTATION_COMMENTS = YES;
				CLANG_WARN_EMPTY_BODY = YES;
				CLANG_WARN_ENUM_CONVERSION = YES;
				CLANG_WARN_INFINITE_RECURSION = YES;
				CLANG_WARN_INT_CONVERSION = YES;
				CLANG_WARN_NON_LITERAL_NULL_CONVERSION = YES;
				CLANG_WARN_OBJC_IMPLICIT_RETAIN_SELF = YES;
				CLANG_WARN_OBJC_LITERAL_CONVERSION = YES;
				CLANG_WARN_OBJC_ROOT_CLASS = YES_ERROR;
				CLANG_WARN_QUOTED_INCLUDE_IN_FRAMEWORK_HEADER = YES;
				CLANG_WARN_RANGE_LOOP_ANALYSIS = YES;
				CLANG_WARN_STRICT_PROTOTYPES = YES;
				CLANG_WARN_SUSPICIOUS_MOVE = YES;
				CLANG_WARN_UNGUARDED_AVAILABILITY = YES_AGGRESSIVE;
				CLANG_WARN_UNREACHABLE_CODE = YES;
				CLANG_WARN__DUPLICATE_METHOD_MATCH = YES;
				COPY_PHASE_STRIP = NO;
				DEBUG_INFORMATION_FORMAT = "dwarf-with-dsym";
				ENABLE_NS_ASSERTIONS = NO;
				ENABLE_STRICT_OBJC_MSGSEND = YES;
				ENABLE_USER_SCRIPT_SANDBOXING = YES;
				GCC_C_LANGUAGE_STANDARD = gnu17;
				GCC_NO_COMMON_BLOCKS = YES;
				GCC_WARN_64_TO_32_BIT_CONVERSION = YES;
				GCC_WARN_ABOUT_RETURN_TYPE = YES_ERROR;
				GCC_WARN_UNDECLARED_SELECTOR = YES;
				GCC_WARN_UNINITIALIZED_AUTOS = YES_AGGRESSIVE;
				GCC_WARN_UNUSED_FUNCTION = YES;
				GCC_WARN_UNUSED_VARIABLE = YES;
				IPHONEOS_DEPLOYMENT_TARGET = 17.0;
				LOCALIZATION_PREFERS_STRING_CATALOGS = YES;
				MTL_ENABLE_DEBUG_INFO = NO;
				MTL_FAST_MATH = YES;
				SDKROOT = iphoneos;
				SWIFT_COMPILATION_MODE = wholemodule;
				VALIDATE_PRODUCT = YES;
			};
			name = Release;
		};
		4F7A71412C2FC552003EF0AA /* Debug */ = {
			isa = XCBuildConfiguration;
			baseConfigurationReference = 0167EF9BEB6FE8175B72F0B9 /* Pods-KT.debug.xcconfig */;
			buildSettings = {
				ASSETCATALOG_COMPILER_APPICON_NAME = AppIcon;
				ASSETCATALOG_COMPILER_GLOBAL_ACCENT_COLOR_NAME = AccentColor;
				CODE_SIGN_STYLE = Automatic;
				CURRENT_PROJECT_VERSION = 1;
				DEVELOPMENT_TEAM = H2C4R2VE3A;
				ENABLE_USER_SCRIPT_SANDBOXING = NO;
				GENERATE_INFOPLIST_FILE = YES;
				INFOPLIST_FILE = KT/Info.plist;
				INFOPLIST_KEY_NSLocationAlwaysAndWhenInUseUsageDescription = "We need your location to provide better services.";
				INFOPLIST_KEY_NSLocationAlwaysUsageDescription = "We need your location to provide better services.";
				INFOPLIST_KEY_NSLocationWhenInUseUsageDescription = "We need your location to provide better services.";
				INFOPLIST_KEY_UIApplicationSupportsIndirectInputEvents = YES;
				INFOPLIST_KEY_UILaunchStoryboardName = LaunchScreen;
				INFOPLIST_KEY_UISupportedInterfaceOrientations = UIInterfaceOrientationPortrait;
				INFOPLIST_KEY_UISupportedInterfaceOrientations_iPad = "UIInterfaceOrientationLandscapeLeft UIInterfaceOrientationLandscapeRight UIInterfaceOrientationPortrait UIInterfaceOrientationPortraitUpsideDown";
				IPHONEOS_DEPLOYMENT_TARGET = 15.0;
				LD_RUNPATH_SEARCH_PATHS = (
					"$(inherited)",
					"@executable_path/Frameworks",
				);
				MARKETING_VERSION = 1.0;
				PRODUCT_BUNDLE_IDENTIFIER = com.kt.sub.KT;
				PRODUCT_NAME = "$(TARGET_NAME)";
				SWIFT_EMIT_LOC_STRINGS = YES;
				SWIFT_VERSION = 5.0;
				TARGETED_DEVICE_FAMILY = "1,2";
			};
			name = Debug;
		};
		4F7A71422C2FC552003EF0AA /* Release */ = {
			isa = XCBuildConfiguration;
			baseConfigurationReference = 9EEAF5513313A33924FED33B /* Pods-KT.release.xcconfig */;
			buildSettings = {
				ASSETCATALOG_COMPILER_APPICON_NAME = AppIcon;
				ASSETCATALOG_COMPILER_GLOBAL_ACCENT_COLOR_NAME = AccentColor;
				CODE_SIGN_STYLE = Automatic;
				CURRENT_PROJECT_VERSION = 1;
				DEVELOPMENT_TEAM = H2C4R2VE3A;
				ENABLE_USER_SCRIPT_SANDBOXING = NO;
				GENERATE_INFOPLIST_FILE = YES;
				INFOPLIST_FILE = KT/Info.plist;
				INFOPLIST_KEY_NSLocationAlwaysAndWhenInUseUsageDescription = "We need your location to provide better services.";
				INFOPLIST_KEY_NSLocationAlwaysUsageDescription = "We need your location to provide better services.";
				INFOPLIST_KEY_NSLocationWhenInUseUsageDescription = "We need your location to provide better services.";
				INFOPLIST_KEY_UIApplicationSupportsIndirectInputEvents = YES;
				INFOPLIST_KEY_UILaunchStoryboardName = LaunchScreen;
				INFOPLIST_KEY_UISupportedInterfaceOrientations = UIInterfaceOrientationPortrait;
				INFOPLIST_KEY_UISupportedInterfaceOrientations_iPad = "UIInterfaceOrientationLandscapeLeft UIInterfaceOrientationLandscapeRight UIInterfaceOrientationPortrait UIInterfaceOrientationPortraitUpsideDown";
				IPHONEOS_DEPLOYMENT_TARGET = 15.0;
				LD_RUNPATH_SEARCH_PATHS = (
					"$(inherited)",
					"@executable_path/Frameworks",
				);
				MARKETING_VERSION = 1.0;
				PRODUCT_BUNDLE_IDENTIFIER = com.kt.sub.KT;
				PRODUCT_NAME = "$(TARGET_NAME)";
				SWIFT_EMIT_LOC_STRINGS = YES;
				SWIFT_VERSION = 5.0;
				TARGETED_DEVICE_FAMILY = "1,2";
			};
			name = Release;
		};
/* End XCBuildConfiguration section */

/* Begin XCConfigurationList section */
		4F7A71272C2FC541003EF0AA /* Build configuration list for PBXProject "KT" */ = {
			isa = XCConfigurationList;
			buildConfigurations = (
				4F7A713E2C2FC552003EF0AA /* Debug */,
				4F7A713F2C2FC552003EF0AA /* Release */,
			);
			defaultConfigurationIsVisible = 0;
			defaultConfigurationName = Release;
		};
		4F7A71402C2FC552003EF0AA /* Build configuration list for PBXNativeTarget "KT" */ = {
			isa = XCConfigurationList;
			buildConfigurations = (
				4F7A71412C2FC552003EF0AA /* Debug */,
				4F7A71422C2FC552003EF0AA /* Release */,
			);
			defaultConfigurationIsVisible = 0;
			defaultConfigurationName = Release;
		};
/* End XCConfigurationList section */
	};
	rootObject = 4F7A71242C2FC541003EF0AA /* Project object */;
}
